
Microsoft Visual Studio Solution File, Format Version 12.00
# Visual Studio Version 17
VisualStudioVersion = 17.8.34511.84
MinimumVisualStudioVersion = 10.0.40219.1
Project("{FAE04EC0-301F-11D3-BF4B-00C04F79EFBC}") = "School.Domain", "School.Domain\School.Domain.csproj", "{9BA68DA7-1840-46CA-A6F1-D242F305AFA3}"
EndProject
Global
	GlobalSection(SolutionConfigurationPlatforms) = preSolution
		Debug|Any CPU = Debug|Any CPU
		Release|Any CPU = Release|Any CPU
	EndGlobalSection
	GlobalSection(ProjectConfigurationPlatforms) = postSolution
		{9BA68DA7-1840-46CA-A6F1-D242F305AFA3}.Debug|Any CPU.ActiveCfg = Debug|Any CPU
		{9BA68DA7-1840-46CA-A6F1-D242F305AFA3}.Debug|Any CPU.Build.0 = Debug|Any CPU
		{9BA68DA7-1840-46CA-A6F1-D242F305AFA3}.Release|Any CPU.ActiveCfg = Release|Any CPU
		{9BA68DA7-1840-46CA-A6F1-D242F305AFA3}.Release|Any CPU.Build.0 = Release|Any CPU
	EndGlobalSection
	GlobalSection(SolutionProperties) = preSolution
		HideSolutionNode = FALSE
	EndGlobalSection
	GlobalSection(ExtensibilityGlobals) = postSolution
		SolutionGuid = {B22C3868-8267-45E9-890A-D9CFC27462F3}
	EndGlobalSection
EndGlobal
