
Microsoft Visual Studio Solution File, Format Version 12.00
# Visual Studio Version 17
VisualStudioVersion = 17.8.34511.84
MinimumVisualStudioVersion = 10.0.40219.1
Project("{FAE04EC0-301F-11D3-BF4B-00C04F79EFBC}") = "PracticaISP", "PracticaISP\PracticaISP.csproj", "{698368A0-ABC4-4890-9684-E51F3B97DA78}"
EndProject
Global
	GlobalSection(SolutionConfigurationPlatforms) = preSolution
		Debug|Any CPU = Debug|Any CPU
		Release|Any CPU = Release|Any CPU
	EndGlobalSection
	GlobalSection(ProjectConfigurationPlatforms) = postSolution
		{698368A0-ABC4-4890-9684-E51F3B97DA78}.Debug|Any CPU.ActiveCfg = Debug|Any CPU
		{698368A0-ABC4-4890-9684-E51F3B97DA78}.Debug|Any CPU.Build.0 = Debug|Any CPU
		{698368A0-ABC4-4890-9684-E51F3B97DA78}.Release|Any CPU.ActiveCfg = Release|Any CPU
		{698368A0-ABC4-4890-9684-E51F3B97DA78}.Release|Any CPU.Build.0 = Release|Any CPU
	EndGlobalSection
	GlobalSection(SolutionProperties) = preSolution
		HideSolutionNode = FALSE
	EndGlobalSection
	GlobalSection(ExtensibilityGlobals) = postSolution
		SolutionGuid = {6CB25308-0D83-4BA3-8993-F22836BEA194}
	EndGlobalSection
EndGlobal
