
Microsoft Visual Studio Solution File, Format Version 12.00
# Visual Studio Version 17
VisualStudioVersion = 17.8.34511.84
MinimumVisualStudioVersion = 10.0.40219.1
Project("{FAE04EC0-301F-11D3-BF4B-00C04F79EFBC}") = "Practica2SRP", "Practica2SRP\Practica2SRP.csproj", "{4BE20B88-EF86-4862-A9AD-69204638C0F1}"
EndProject
Global
	GlobalSection(SolutionConfigurationPlatforms) = preSolution
		Debug|Any CPU = Debug|Any CPU
		Release|Any CPU = Release|Any CPU
	EndGlobalSection
	GlobalSection(ProjectConfigurationPlatforms) = postSolution
		{4BE20B88-EF86-4862-A9AD-69204638C0F1}.Debug|Any CPU.ActiveCfg = Debug|Any CPU
		{4BE20B88-EF86-4862-A9AD-69204638C0F1}.Debug|Any CPU.Build.0 = Debug|Any CPU
		{4BE20B88-EF86-4862-A9AD-69204638C0F1}.Release|Any CPU.ActiveCfg = Release|Any CPU
		{4BE20B88-EF86-4862-A9AD-69204638C0F1}.Release|Any CPU.Build.0 = Release|Any CPU
	EndGlobalSection
	GlobalSection(SolutionProperties) = preSolution
		HideSolutionNode = FALSE
	EndGlobalSection
	GlobalSection(ExtensibilityGlobals) = postSolution
		SolutionGuid = {56036C80-0930-4318-84E2-A14DEF2EADAE}
	EndGlobalSection
EndGlobal
